<?xml version="1.0" encoding="utf-8"?>
<Project ToolsVersion="4.0" xmlns="http://schemas.microsoft.com/developer/msbuild/2003">
  <ItemGroup>
    <Filter Include="Archivos de origen">
      <UniqueIdentifier>{4FC737F1-C7A5-4376-A066-2A32D752A2FF}</UniqueIdentifier>
      <Extensions>cpp;c;cc;cxx;c++;cppm;ixx;def;odl;idl;hpj;bat;asm;asmx</Extensions>
    </Filter>
    <Filter Include="Archivos de encabezado">
      <UniqueIdentifier>{93995380-89BD-4b04-88EB-625FBE52EBFB}</UniqueIdentifier>
      <Extensions>h;hh;hpp;hxx;h++;hm;inl;inc;ipp;xsd</Extensions>
    </Filter>
    <Filter Include="Archivos de recursos">
      <UniqueIdentifier>{67DA6AB6-F800-4c08-8B7A-83BB121AAD01}</UniqueIdentifier>
      <Extensions>rc;ico;cur;bmp;dlg;rc2;rct;bin;rgs;gif;jpg;jpeg;jpe;resx;tiff;tif;png;wav;mfcribbon-ms</Extensions>
    </Filter>
  </ItemGroup>
  <ItemGroup>
    <None Include="CPU\Asm\Windows\AdditionalWIN64.inc">
      <Filter>Archivos de encabezado</Filter>
    </None>
    <None Include="CPU\Asm\Windows\BranchConditionalWIN64.inc">
      <Filter>Archivos de encabezado</Filter>
    </None>
    <None Include="CPU\Asm\Windows\FPWIN64.inc">
      <Filter>Archivos de encabezado</Filter>
    </None>
    <None Include="CPU\Asm\Windows\ImmediateWIN64.inc">
      <Filter>Archivos de encabezado</Filter>
    </None>
    <None Include="CPU\Asm\Windows\LogicalAddSubWIN64.inc">
      <Filter>Archivos de encabezado</Filter>
    </None>
    <None Include="CPU\Asm\Windows\MacrosWIN64.inc">
      <Filter>Archivos de encabezado</Filter>
    </None>
    <None Include="CPU\Asm\Windows\LoadStoreWIN64.inc">
      <Filter>Archivos de encabezado</Filter>
    </None>
    <None Include="CPU\Asm\Windows\NonBinaryWIN64.inc">
      <Filter>Archivos de encabezado</Filter>
    </None>
    <None Include="CPU\Asm\Windows\UtilityWIN64.inc">
      <Filter>Archivos de encabezado</Filter>
    </None>
  </ItemGroup>
  <ItemGroup>
    <ClInclude Include="Core\Constants.h">
      <Filter>Archivos de encabezado</Filter>
    </ClInclude>
    <ClInclude Include="CPU\CPU.h">
      <Filter>Archivos de encabezado</Filter>
    </ClInclude>
    <ClInclude Include="Core\Header.h">
      <Filter>Archivos de encabezado</Filter>
    </ClInclude>
    <ClInclude Include="Memory\MemoryBus.h">
      <Filter>Archivos de encabezado</Filter>
    </ClInclude>
    <ClInclude Include="FileFormat\ISA.h">
      <Filter>Archivos de encabezado</Filter>
    </ClInclude>
    <ClInclude Include="FileFormat\Rom.h">
      <Filter>Archivos de encabezado</Filter>
    </ClInclude>
    <ClInclude Include="Video\Impl\GPUD12.h">
      <Filter>Archivos de encabezado</Filter>
    </ClInclude>
    <ClInclude Include="Video\Window.h">
      <Filter>Archivos de encabezado</Filter>
    </ClInclude>
    <ClInclude Include="Video\GPU.h">
      <Filter>Archivos de encabezado</Filter>
    </ClInclude>
    <ClInclude Include="Platform\OS.h">
      <Filter>Archivos de encabezado</Filter>
    </ClInclude>
    <ClInclude Include="Platform\Time.h">
      <Filter>Archivos de encabezado</Filter>
    </ClInclude>
  </ItemGroup>
  <ItemGroup>
    <ClCompile Include="CPU\CPU.cpp">
      <Filter>Archivos de origen</Filter>
    </ClCompile>
    <ClCompile Include="Memory\MemoryBus.cpp">
      <Filter>Archivos de origen</Filter>
    </ClCompile>
    <ClCompile Include="Video\Impl\WindowWin32.cpp">
      <Filter>Archivos de origen</Filter>
    </ClCompile>
    <ClCompile Include="Video\Impl\GPUD12.cpp">
      <Filter>Archivos de origen</Filter>
    </ClCompile>
    <ClCompile Include="Video\GPU.cpp">
      <Filter>Archivos de origen</Filter>
    </ClCompile>
    <ClCompile Include="Platform\Impl\Win32OS.cpp">
      <Filter>Archivos de origen</Filter>
    </ClCompile>
    <ClCompile Include="Platform\Impl\Win32Time.cpp">
      <Filter>Archivos de origen</Filter>
    </ClCompile>
  </ItemGroup>
  <ItemGroup>
    <MASM Include="CPU\Asm\Windows\InterpreterWIN64.asm">
      <Filter>Archivos de origen</Filter>
    </MASM>
  </ItemGroup>
</Project>